// !$*UTF8*$!
{
	archiveVersion = 1;
	classes = {
	};
	objectVersion = 46;
	objects = {

/* Begin PBXBuildFile section */
		4C44A8291D92B35E00360357 /* AppDelegate.swift in Sources */ = {isa = PBXBuildFile; fileRef = 4C44A8281D92B35E00360357 /* AppDelegate.swift */; };
		4C44A82B1D92B35E00360357 /* ViewController.swift in Sources */ = {isa = PBXBuildFile; fileRef = 4C44A82A1D92B35E00360357 /* ViewController.swift */; };
		4C44A82E1D92B35E00360357 /* Main.storyboard in Resources */ = {isa = PBXBuildFile; fileRef = 4C44A82C1D92B35E00360357 /* Main.storyboard */; };
		4C44A8301D92B35E00360357 /* Assets.xcassets in Resources */ = {isa = PBXBuildFile; fileRef = 4C44A82F1D92B35E00360357 /* Assets.xcassets */; };
		4C44A8331D92B35E00360357 /* LaunchScreen.storyboard in Resources */ = {isa = PBXBuildFile; fileRef = 4C44A8311D92B35E00360357 /* LaunchScreen.storyboard */; };
		4C44A83E1D92B35E00360357 /* SaveTheKittensTests.swift in Sources */ = {isa = PBXBuildFile; fileRef = 4C44A83D1D92B35E00360357 /* SaveTheKittensTests.swift */; };
		4C44A8491D92B35E00360357 /* SaveTheKittensUITests.swift in Sources */ = {isa = PBXBuildFile; fileRef = 4C44A8481D92B35E00360357 /* SaveTheKittensUITests.swift */; };
/* End PBXBuildFile section */

/* Begin PBXContainerItemProxy section */
		4C44A83A1D92B35E00360357 /* PBXContainerItemProxy */ = {
			isa = PBXContainerItemProxy;
			containerPortal = 4C44A81D1D92B35D00360357 /* Project object */;
			proxyType = 1;
			remoteGlobalIDString = 4C44A8241D92B35E00360357;
			remoteInfo = SaveTheKittens;
		};
		4C44A8451D92B35E00360357 /* PBXContainerItemProxy */ = {
			isa = PBXContainerItemProxy;
			containerPortal = 4C44A81D1D92B35D00360357 /* Project object */;
			proxyType = 1;
			remoteGlobalIDString = 4C44A8241D92B35E00360357;
			remoteInfo = SaveTheKittens;
		};
/* End PBXContainerItemProxy section */

/* Begin PBXFileReference section */
		4C44A8251D92B35E00360357 /* SaveTheKittens.app */ = {isa = PBXFileReference; explicitFileType = wrapper.application; includeInIndex = 0; path = SaveTheKittens.app; sourceTree = BUILT_PRODUCTS_DIR; };
		4C44A8281D92B35E00360357 /* AppDelegate.swift */ = {isa = PBXFileReference; lastKnownFileType = sourcecode.swift; path = AppDelegate.swift; sourceTree = "<group>"; };
		4C44A82A1D92B35E00360357 /* ViewController.swift */ = {isa = PBXFileReference; lastKnownFileType = sourcecode.swift; path = ViewController.swift; sourceTree = "<group>"; };
		4C44A82D1D92B35E00360357 /* Base */ = {isa = PBXFileReference; lastKnownFileType = file.storyboard; name = Base; path = Base.lproj/Main.storyboard; sourceTree = "<group>"; };
		4C44A82F1D92B35E00360357 /* Assets.xcassets */ = {isa = PBXFileReference; lastKnownFileType = folder.assetcatalog; path = Assets.xcassets; sourceTree = "<group>"; };
		4C44A8321D92B35E00360357 /* Base */ = {isa = PBXFileReference; lastKnownFileType = file.storyboard; name = Base; path = Base.lproj/LaunchScreen.storyboard; sourceTree = "<group>"; };
		4C44A8341D92B35E00360357 /* Info.plist */ = {isa = PBXFileReference; lastKnownFileType = text.plist.xml; path = Info.plist; sourceTree = "<group>"; };
		4C44A8391D92B35E00360357 /* SaveTheKittensTests.xctest */ = {isa = PBXFileReference; explicitFileType = wrapper.cfbundle; includeInIndex = 0; path = SaveTheKittensTests.xctest; sourceTree = BUILT_PRODUCTS_DIR; };
		4C44A83D1D92B35E00360357 /* SaveTheKittensTests.swift */ = {isa = PBXFileReference; lastKnownFileType = sourcecode.swift; path = SaveTheKittensTests.swift; sourceTree = "<group>"; };
		4C44A83F1D92B35E00360357 /* Info.plist */ = {isa = PBXFileReference; lastKnownFileType = text.plist.xml; path = Info.plist; sourceTree = "<group>"; };
		4C44A8441D92B35E00360357 /* SaveTheKittensUITests.xctest */ = {isa = PBXFileReference; explicitFileType = wrapper.cfbundle; includeInIndex = 0; path = SaveTheKittensUITests.xctest; sourceTree = BUILT_PRODUCTS_DIR; };
		4C44A8481D92B35E00360357 /* SaveTheKittensUITests.swift */ = {isa = PBXFileReference; lastKnownFileType = sourcecode.swift; path = SaveTheKittensUITests.swift; sourceTree = "<group>"; };
		4C44A84A1D92B35E00360357 /* Info.plist */ = {isa = PBXFileReference; lastKnownFileType = text.plist.xml; path = Info.plist; sourceTree = "<group>"; };
/* End PBXFileReference section */

/* Begin PBXFrameworksBuildPhase section */
		4C44A8221D92B35E00360357 /* Frameworks */ = {
			isa = PBXFrameworksBuildPhase;
			buildActionMask = 2147483647;
			files = (
			);
			runOnlyForDeploymentPostprocessing = 0;
		};
		4C44A8361D92B35E00360357 /* Frameworks */ = {
			isa = PBXFrameworksBuildPhase;
			buildActionMask = 2147483647;
			files = (
			);
			runOnlyForDeploymentPostprocessing = 0;
		};
		4C44A8411D92B35E00360357 /* Frameworks */ = {
			isa = PBXFrameworksBuildPhase;
			buildActionMask = 2147483647;
			files = (
			);
			runOnlyForDeploymentPostprocessing = 0;
		};
/* End PBXFrameworksBuildPhase section */

/* Begin PBXGroup section */
		4C44A81C1D92B35D00360357 = {
			isa = PBXGroup;
			children = (
				4C44A8271D92B35E00360357 /* SaveTheKittens */,
				4C44A83C1D92B35E00360357 /* SaveTheKittensTests */,
				4C44A8471D92B35E00360357 /* SaveTheKittensUITests */,
				4C44A8261D92B35E00360357 /* Products */,
			);
			sourceTree = "<group>";
		};
		4C44A8261D92B35E00360357 /* Products */ = {
			isa = PBXGroup;
			children = (
				4C44A8251D92B35E00360357 /* SaveTheKittens.app */,
				4C44A8391D92B35E00360357 /* SaveTheKittensTests.xctest */,
				4C44A8441D92B35E00360357 /* SaveTheKittensUITests.xctest */,
			);
			name = Products;
			sourceTree = "<group>";
		};
		4C44A8271D92B35E00360357 /* SaveTheKittens */ = {
			isa = PBXGroup;
			children = (
				4C44A8281D92B35E00360357 /* AppDelegate.swift */,
				4C44A82A1D92B35E00360357 /* ViewController.swift */,
				4C44A82C1D92B35E00360357 /* Main.storyboard */,
				4C44A82F1D92B35E00360357 /* Assets.xcassets */,
				4C44A8311D92B35E00360357 /* LaunchScreen.storyboard */,
				4C44A8341D92B35E00360357 /* Info.plist */,
			);
			path = SaveTheKittens;
			sourceTree = "<group>";
		};
		4C44A83C1D92B35E00360357 /* SaveTheKittensTests */ = {
			isa = PBXGroup;
			children = (
				4C44A83D1D92B35E00360357 /* SaveTheKittensTests.swift */,
				4C44A83F1D92B35E00360357 /* Info.plist */,
			);
			path = SaveTheKittensTests;
			sourceTree = "<group>";
		};
		4C44A8471D92B35E00360357 /* SaveTheKittensUITests */ = {
			isa = PBXGroup;
			children = (
				4C44A8481D92B35E00360357 /* SaveTheKittensUITests.swift */,
				4C44A84A1D92B35E00360357 /* Info.plist */,
			);
			path = SaveTheKittensUITests;
			sourceTree = "<group>";
		};
/* End PBXGroup section */

/* Begin PBXNativeTarget section */
		4C44A8241D92B35E00360357 /* SaveTheKittens */ = {
			isa = PBXNativeTarget;
			buildConfigurationList = 4C44A84D1D92B35E00360357 /* Build configuration list for PBXNativeTarget "SaveTheKittens" */;
			buildPhases = (
				4C44A8211D92B35E00360357 /* Sources */,
				4C44A8221D92B35E00360357 /* Frameworks */,
				4C44A8231D92B35E00360357 /* Resources */,
			);
			buildRules = (
			);
			dependencies = (
			);
			name = SaveTheKittens;
			productName = SaveTheKittens;
			productReference = 4C44A8251D92B35E00360357 /* SaveTheKittens.app */;
			productType = "com.apple.product-type.application";
		};
		4C44A8381D92B35E00360357 /* SaveTheKittensTests */ = {
			isa = PBXNativeTarget;
			buildConfigurationList = 4C44A8501D92B35E00360357 /* Build configuration list for PBXNativeTarget "SaveTheKittensTests" */;
			buildPhases = (
				4C44A8351D92B35E00360357 /* Sources */,
				4C44A8361D92B35E00360357 /* Frameworks */,
				4C44A8371D92B35E00360357 /* Resources */,
			);
			buildRules = (
			);
			dependencies = (
				4C44A83B1D92B35E00360357 /* PBXTargetDependency */,
			);
			name = SaveTheKittensTests;
			productName = SaveTheKittensTests;
			productReference = 4C44A8391D92B35E00360357 /* SaveTheKittensTests.xctest */;
			productType = "com.apple.product-type.bundle.unit-test";
		};
		4C44A8431D92B35E00360357 /* SaveTheKittensUITests */ = {
			isa = PBXNativeTarget;
			buildConfigurationList = 4C44A8531D92B35E00360357 /* Build configuration list for PBXNativeTarget "SaveTheKittensUITests" */;
			buildPhases = (
				4C44A8401D92B35E00360357 /* Sources */,
				4C44A8411D92B35E00360357 /* Frameworks */,
				4C44A8421D92B35E00360357 /* Resources */,
			);
			buildRules = (
			);
			dependencies = (
				4C44A8461D92B35E00360357 /* PBXTargetDependency */,
			);
			name = SaveTheKittensUITests;
			productName = SaveTheKittensUITests;
			productReference = 4C44A8441D92B35E00360357 /* SaveTheKittensUITests.xctest */;
			productType = "com.apple.product-type.bundle.ui-testing";
		};
/* End PBXNativeTarget section */

/* Begin PBXProject section */
		4C44A81D1D92B35D00360357 /* Project object */ = {
			isa = PBXProject;
			attributes = {
				LastSwiftUpdateCheck = 0800;
				LastUpgradeCheck = 0800;
				ORGANIZATIONNAME = "Michael Tan";
				TargetAttributes = {
					4C44A8241D92B35E00360357 = {
						CreatedOnToolsVersion = 8.0;
						ProvisioningStyle = Automatic;
					};
					4C44A8381D92B35E00360357 = {
						CreatedOnToolsVersion = 8.0;
						ProvisioningStyle = Automatic;
						TestTargetID = 4C44A8241D92B35E00360357;
					};
					4C44A8431D92B35E00360357 = {
						CreatedOnToolsVersion = 8.0;
						ProvisioningStyle = Automatic;
						TestTargetID = 4C44A8241D92B35E00360357;
					};
				};
			};
			buildConfigurationList = 4C44A8201D92B35D00360357 /* Build configuration list for PBXProject "SaveTheKittens" */;
			compatibilityVersion = "Xcode 3.2";
			developmentRegion = English;
			hasScannedForEncodings = 0;
			knownRegions = (
				en,
				Base,
			);
			mainGroup = 4C44A81C1D92B35D00360357;
			productRefGroup = 4C44A8261D92B35E00360357 /* Products */;
			projectDirPath = "";
			projectRoot = "";
			targets = (
				4C44A8241D92B35E00360357 /* SaveTheKittens */,
				4C44A8381D92B35E00360357 /* SaveTheKittensTests */,
				4C44A8431D92B35E00360357 /* SaveTheKittensUITests */,
			);
		};
/* End PBXProject section */

/* Begin PBXResourcesBuildPhase section */
		4C44A8231D92B35E00360357 /* Resources */ = {
			isa = PBXResourcesBuildPhase;
			buildActionMask = 2147483647;
			files = (
				4C44A8331D92B35E00360357 /* LaunchScreen.storyboard in Resources */,
				4C44A8301D92B35E00360357 /* Assets.xcassets in Resources */,
				4C44A82E1D92B35E00360357 /* Main.storyboard in Resources */,
			);
			runOnlyForDeploymentPostprocessing = 0;
		};
		4C44A8371D92B35E00360357 /* Resources */ = {
			isa = PBXResourcesBuildPhase;
			buildActionMask = 2147483647;
			files = (
			);
			runOnlyForDeploymentPostprocessing = 0;
		};
		4C44A8421D92B35E00360357 /* Resources */ = {
			isa = PBXResourcesBuildPhase;
			buildActionMask = 2147483647;
			files = (
			);
			runOnlyForDeploymentPostprocessing = 0;
		};
/* End PBXResourcesBuildPhase section */

/* Begin PBXSourcesBuildPhase section */
		4C44A8211D92B35E00360357 /* Sources */ = {
			isa = PBXSourcesBuildPhase;
			buildActionMask = 2147483647;
			files = (
				4C44A82B1D92B35E00360357 /* ViewController.swift in Sources */,
				4C44A8291D92B35E00360357 /* AppDelegate.swift in Sources */,
			);
			runOnlyForDeploymentPostprocessing = 0;
		};
		4C44A8351D92B35E00360357 /* Sources */ = {
			isa = PBXSourcesBuildPhase;
			buildActionMask = 2147483647;
			files = (
				4C44A83E1D92B35E00360357 /* SaveTheKittensTests.swift in Sources */,
			);
			runOnlyForDeploymentPostprocessing = 0;
		};
		4C44A8401D92B35E00360357 /* Sources */ = {
			isa = PBXSourcesBuildPhase;
			buildActionMask = 2147483647;
			files = (
				4C44A8491D92B35E00360357 /* SaveTheKittensUITests.swift in Sources */,
			);
			runOnlyForDeploymentPostprocessing = 0;
		};
/* End PBXSourcesBuildPhase section */

/* Begin PBXTargetDependency section */
		4C44A83B1D92B35E00360357 /* PBXTargetDependency */ = {
			isa = PBXTargetDependency;
			target = 4C44A8241D92B35E00360357 /* SaveTheKittens */;
			targetProxy = 4C44A83A1D92B35E00360357 /* PBXContainerItemProxy */;
		};
		4C44A8461D92B35E00360357 /* PBXTargetDependency */ = {
			isa = PBXTargetDependency;
			target = 4C44A8241D92B35E00360357 /* SaveTheKittens */;
			targetProxy = 4C44A8451D92B35E00360357 /* PBXContainerItemProxy */;
		};
/* End PBXTargetDependency section */

/* Begin PBXVariantGroup section */
		4C44A82C1D92B35E00360357 /* Main.storyboard */ = {
			isa = PBXVariantGroup;
			children = (
				4C44A82D1D92B35E00360357 /* Base */,
			);
			name = Main.storyboard;
			sourceTree = "<group>";
		};
		4C44A8311D92B35E00360357 /* LaunchScreen.storyboard */ = {
			isa = PBXVariantGroup;
			children = (
				4C44A8321D92B35E00360357 /* Base */,
			);
			name = LaunchScreen.storyboard;
			sourceTree = "<group>";
		};
/* End PBXVariantGroup section */

/* Begin XCBuildConfiguration section */
		4C44A84B1D92B35E00360357 /* Debug */ = {
			isa = XCBuildConfiguration;
			buildSettings = {
				ALWAYS_SEARCH_USER_PATHS = NO;
				CLANG_ANALYZER_NONNULL = YES;
				CLANG_CXX_LANGUAGE_STANDARD = "gnu++0x";
				CLANG_CXX_LIBRARY = "libc++";
				CLANG_ENABLE_MODULES = YES;
				CLANG_ENABLE_OBJC_ARC = YES;
				CLANG_WARN_BOOL_CONVERSION = YES;
				CLANG_WARN_CONSTANT_CONVERSION = YES;
				CLANG_WARN_DIRECT_OBJC_ISA_USAGE = YES_ERROR;
				CLANG_WARN_DOCUMENTATION_COMMENTS = YES;
				CLANG_WARN_EMPTY_BODY = YES;
				CLANG_WARN_ENUM_CONVERSION = YES;
				CLANG_WARN_INFINITE_RECURSION = YES;
				CLANG_WARN_INT_CONVERSION = YES;
				CLANG_WARN_OBJC_ROOT_CLASS = YES_ERROR;
				CLANG_WARN_SUSPICIOUS_MOVES = YES;
				CLANG_WARN_UNREACHABLE_CODE = YES;
				CLANG_WARN__DUPLICATE_METHOD_MATCH = YES;
				"CODE_SIGN_IDENTITY[sdk=iphoneos*]" = "iPhone Developer";
				COPY_PHASE_STRIP = NO;
				DEBUG_INFORMATION_FORMAT = dwarf;
				ENABLE_STRICT_OBJC_MSGSEND = YES;
				ENABLE_TESTABILITY = YES;
				GCC_C_LANGUAGE_STANDARD = gnu99;
				GCC_DYNAMIC_NO_PIC = NO;
				GCC_NO_COMMON_BLOCKS = YES;
				GCC_OPTIMIZATION_LEVEL = 0;
				GCC_PREPROCESSOR_DEFINITIONS = (
					"DEBUG=1",
					"$(inherited)",
				);
				GCC_WARN_64_TO_32_BIT_CONVERSION = YES;
				GCC_WARN_ABOUT_RETURN_TYPE = YES_ERROR;
				GCC_WARN_UNDECLARED_SELECTOR = YES;
				GCC_WARN_UNINITIALIZED_AUTOS = YES_AGGRESSIVE;
				GCC_WARN_UNUSED_FUNCTION = YES;
				GCC_WARN_UNUSED_VARIABLE = YES;
				IPHONEOS_DEPLOYMENT_TARGET = 10.0;
				MTL_ENABLE_DEBUG_INFO = YES;
				ONLY_ACTIVE_ARCH = YES;
				SDKROOT = iphoneos;
				SWIFT_ACTIVE_COMPILATION_CONDITIONS = DEBUG;
				SWIFT_OPTIMIZATION_LEVEL = "-Onone";
				TARGETED_DEVICE_FAMILY = "1,2";
			};
			name = Debug;
		};
		4C44A84C1D92B35E00360357 /* Release */ = {
			isa = XCBuildConfiguration;
			buildSettings = {
				ALWAYS_SEARCH_USER_PATHS = NO;
				CLANG_ANALYZER_NONNULL = YES;
				CLANG_CXX_LANGUAGE_STANDARD = "gnu++0x";
				CLANG_CXX_LIBRARY = "libc++";
				CLANG_ENABLE_MODULES = YES;
				CLANG_ENABLE_OBJC_ARC = YES;
				CLANG_WARN_BOOL_CONVERSION = YES;
				CLANG_WARN_CONSTANT_CONVERSION = YES;
				CLANG_WARN_DIRECT_OBJC_ISA_USAGE = YES_ERROR;
				CLANG_WARN_DOCUMENTATION_COMMENTS = YES;
				CLANG_WARN_EMPTY_BODY = YES;
				CLANG_WARN_ENUM_CONVERSION = YES;
				CLANG_WARN_INFINITE_RECURSION = YES;
				CLANG_WARN_INT_CONVERSION = YES;
				CLANG_WARN_OBJC_ROOT_CLASS = YES_ERROR;
				CLANG_WARN_SUSPICIOUS_MOVES = YES;
				CLANG_WARN_UNREACHABLE_CODE = YES;
				CLANG_WARN__DUPLICATE_METHOD_MATCH = YES;
				"CODE_SIGN_IDENTITY[sdk=iphoneos*]" = "iPhone Developer";
				COPY_PHASE_STRIP = NO;
				DEBUG_INFORMATION_FORMAT = "dwarf-with-dsym";
				ENABLE_NS_ASSERTIONS = NO;
				ENABLE_STRICT_OBJC_MSGSEND = YES;
				GCC_C_LANGUAGE_STANDARD = gnu99;
				GCC_NO_COMMON_BLOCKS = YES;
				GCC_WARN_64_TO_32_BIT_CONVERSION = YES;
				GCC_WARN_ABOUT_RETURN_TYPE = YES_ERROR;
				GCC_WARN_UNDECLARED_SELECTOR = YES;
				GCC_WARN_UNINITIALIZED_AUTOS = YES_AGGRESSIVE;
				GCC_WARN_UNUSED_FUNCTION = YES;
				GCC_WARN_UNUSED_VARIABLE = YES;
				IPHONEOS_DEPLOYMENT_TARGET = 10.0;
				MTL_ENABLE_DEBUG_INFO = NO;
				SDKROOT = iphoneos;
				SWIFT_OPTIMIZATION_LEVEL = "-Owholemodule";
				TARGETED_DEVICE_FAMILY = "1,2";
				VALIDATE_PRODUCT = YES;
			};
			name = Release;
		};
		4C44A84E1D92B35E00360357 /* Debug */ = {
			isa = XCBuildConfiguration;
			buildSettings = {
				ASSETCATALOG_COMPILER_APPICON_NAME = AppIcon;
				INFOPLIST_FILE = SaveTheKittens/Info.plist;
				LD_RUNPATH_SEARCH_PATHS = "$(inherited) @executable_path/Frameworks";
				PRODUCT_BUNDLE_IDENTIFIER = com.MichaelTan.SaveTheKittens;
				PRODUCT_NAME = "$(TARGET_NAME)";
				SWIFT_VERSION = 3.0;
			};
			name = Debug;
		};
		4C44A84F1D92B35E00360357 /* Release */ = {
			isa = XCBuildConfiguration;
			buildSettings = {
				ASSETCATALOG_COMPILER_APPICON_NAME = AppIcon;
				INFOPLIST_FILE = SaveTheKittens/Info.plist;
				LD_RUNPATH_SEARCH_PATHS = "$(inherited) @executable_path/Frameworks";
				PRODUCT_BUNDLE_IDENTIFIER = com.MichaelTan.SaveTheKittens;
				PRODUCT_NAME = "$(TARGET_NAME)";
				SWIFT_VERSION = 3.0;
			};
			name = Release;
		};
		4C44A8511D92B35E00360357 /* Debug */ = {
			isa = XCBuildConfiguration;
			buildSettings = {
				ALWAYS_EMBED_SWIFT_STANDARD_LIBRARIES = YES;
				BUNDLE_LOADER = "$(TEST_HOST)";
				INFOPLIST_FILE = SaveTheKittensTests/Info.plist;
				LD_RUNPATH_SEARCH_PATHS = "$(inherited) @executable_path/Frameworks @loader_path/Frameworks";
				PRODUCT_BUNDLE_IDENTIFIER = com.MichaelTan.SaveTheKittensTests;
				PRODUCT_NAME = "$(TARGET_NAME)";
				SWIFT_VERSION = 3.0;
				TEST_HOST = "$(BUILT_PRODUCTS_DIR)/SaveTheKittens.app/SaveTheKittens";
			};
			name = Debug;
		};
		4C44A8521D92B35E00360357 /* Release */ = {
			isa = XCBuildConfiguration;
			buildSettings = {
				ALWAYS_EMBED_SWIFT_STANDARD_LIBRARIES = YES;
				BUNDLE_LOADER = "$(TEST_HOST)";
				INFOPLIST_FILE = SaveTheKittensTests/Info.plist;
				LD_RUNPATH_SEARCH_PATHS = "$(inherited) @executable_path/Frameworks @loader_path/Frameworks";
				PRODUCT_BUNDLE_IDENTIFIER = com.MichaelTan.SaveTheKittensTests;
				PRODUCT_NAME = "$(TARGET_NAME)";
				SWIFT_VERSION = 3.0;
				TEST_HOST = "$(BUILT_PRODUCTS_DIR)/SaveTheKittens.app/SaveTheKittens";
			};
			name = Release;
		};
		4C44A8541D92B35E00360357 /* Debug */ = {
			isa = XCBuildConfiguration;
			buildSettings = {
				ALWAYS_EMBED_SWIFT_STANDARD_LIBRARIES = YES;
				INFOPLIST_FILE = SaveTheKittensUITests/Info.plist;
				LD_RUNPATH_SEARCH_PATHS = "$(inherited) @executable_path/Frameworks @loader_path/Frameworks";
				PRODUCT_BUNDLE_IDENTIFIER = com.MichaelTan.SaveTheKittensUITests;
				PRODUCT_NAME = "$(TARGET_NAME)";
				SWIFT_VERSION = 3.0;
				TEST_TARGET_NAME = SaveTheKittens;
			};
			name = Debug;
		};
		4C44A8551D92B35E00360357 /* Release */ = {
			isa = XCBuildConfiguration;
			buildSettings = {
				ALWAYS_EMBED_SWIFT_STANDARD_LIBRARIES = YES;
				INFOPLIST_FILE = SaveTheKittensUITests/Info.plist;
				LD_RUNPATH_SEARCH_PATHS = "$(inherited) @executable_path/Frameworks @loader_path/Frameworks";
				PRODUCT_BUNDLE_IDENTIFIER = com.MichaelTan.SaveTheKittensUITests;
				PRODUCT_NAME = "$(TARGET_NAME)";
				SWIFT_VERSION = 3.0;
				TEST_TARGET_NAME = SaveTheKittens;
			};
			name = Release;
		};
/* End XCBuildConfiguration section */

/* Begin XCConfigurationList section */
		4C44A8201D92B35D00360357 /* Build configuration list for PBXProject "SaveTheKittens" */ = {
			isa = XCConfigurationList;
			buildConfigurations = (
				4C44A84B1D92B35E00360357 /* Debug */,
				4C44A84C1D92B35E00360357 /* Release */,
			);
			defaultConfigurationIsVisible = 0;
			defaultConfigurationName = Release;
		};
		4C44A84D1D92B35E00360357 /* Build configuration list for PBXNativeTarget "SaveTheKittens" */ = {
			isa = XCConfigurationList;
			buildConfigurations = (
				4C44A84E1D92B35E00360357 /* Debug */,
				4C44A84F1D92B35E00360357 /* Release */,
			);
			defaultConfigurationIsVisible = 0;
		};
		4C44A8501D92B35E00360357 /* Build configuration list for PBXNativeTarget "SaveTheKittensTests" */ = {
			isa = XCConfigurationList;
			buildConfigurations = (
				4C44A8511D92B35E00360357 /* Debug */,
				4C44A8521D92B35E00360357 /* Release */,
			);
			defaultConfigurationIsVisible = 0;
		};
		4C44A8531D92B35E00360357 /* Build configuration list for PBXNativeTarget "SaveTheKittensUITests" */ = {
			isa = XCConfigurationList;
			buildConfigurations = (
				4C44A8541D92B35E00360357 /* Debug */,
				4C44A8551D92B35E00360357 /* Release */,
			);
			defaultConfigurationIsVisible = 0;
		};
/* End XCConfigurationList section */
	};
	rootObject = 4C44A81D1D92B35D00360357 /* Project object */;
}
